// !$*UTF8*$!
{
	archiveVersion = 1;
	classes = {
	};
	objectVersion = 56;
	objects = {

/* Begin PBXBuildFile section */
		6A4C8B4129D8B30D00BC1C01 /* LandmarksApp.swift in Sources */ = {isa = PBXBuildFile; fileRef = 6A4C8B4029D8B30D00BC1C01 /* LandmarksApp.swift */; };
		6A4C8B4329D8B30D00BC1C01 /* ContentView.swift in Sources */ = {isa = PBXBuildFile; fileRef = 6A4C8B4229D8B30D00BC1C01 /* ContentView.swift */; };
		6A4C8B4529D8B30F00BC1C01 /* Assets.xcassets in Resources */ = {isa = PBXBuildFile; fileRef = 6A4C8B4429D8B30F00BC1C01 /* Assets.xcassets */; };
		6A4C8B4829D8B30F00BC1C01 /* Preview Assets.xcassets in Resources */ = {isa = PBXBuildFile; fileRef = 6A4C8B4729D8B30F00BC1C01 /* Preview Assets.xcassets */; };
		6A4C8B4F29D8C12B00BC1C01 /* CircleImage.swift in Sources */ = {isa = PBXBuildFile; fileRef = 6A4C8B4E29D8C12B00BC1C01 /* CircleImage.swift */; };
		6A4C8B5129D8C2DF00BC1C01 /* MapView.swift in Sources */ = {isa = PBXBuildFile; fileRef = 6A4C8B5029D8C2DF00BC1C01 /* MapView.swift */; };
		6A4C8B5329D8E8AF00BC1C01 /* landmarkData.json in Resources */ = {isa = PBXBuildFile; fileRef = 6A4C8B5229D8E8AF00BC1C01 /* landmarkData.json */; };
		6A4C8B5529D8E8D400BC1C01 /* Landmark.swift in Sources */ = {isa = PBXBuildFile; fileRef = 6A4C8B5429D8E8D400BC1C01 /* Landmark.swift */; };
		6A4C8B5729D8EB3A00BC1C01 /* ModelData.swift in Sources */ = {isa = PBXBuildFile; fileRef = 6A4C8B5629D8EB3A00BC1C01 /* ModelData.swift */; };
		6A4C8B5E29D8EEDC00BC1C01 /* LandmarkRow.swift in Sources */ = {isa = PBXBuildFile; fileRef = 6A4C8B5D29D8EEDC00BC1C01 /* LandmarkRow.swift */; };
		6A4C8B6029D8F18000BC1C01 /* LandmarkList.swift in Sources */ = {isa = PBXBuildFile; fileRef = 6A4C8B5F29D8F18000BC1C01 /* LandmarkList.swift */; };
		6A4C8B6229D8F41200BC1C01 /* LandmarkDetails.swift in Sources */ = {isa = PBXBuildFile; fileRef = 6A4C8B6129D8F41200BC1C01 /* LandmarkDetails.swift */; };
		6A4C8B6429D900C100BC1C01 /* FavoriteButton.swift in Sources */ = {isa = PBXBuildFile; fileRef = 6A4C8B6329D900C100BC1C01 /* FavoriteButton.swift */; };
/* End PBXBuildFile section */

/* Begin PBXFileReference section */
		6A4C8B3D29D8B30D00BC1C01 /* Landmarks.app */ = {isa = PBXFileReference; explicitFileType = wrapper.application; includeInIndex = 0; path = Landmarks.app; sourceTree = BUILT_PRODUCTS_DIR; };
		6A4C8B4029D8B30D00BC1C01 /* LandmarksApp.swift */ = {isa = PBXFileReference; lastKnownFileType = sourcecode.swift; path = LandmarksApp.swift; sourceTree = "<group>"; };
		6A4C8B4229D8B30D00BC1C01 /* ContentView.swift */ = {isa = PBXFileReference; lastKnownFileType = sourcecode.swift; path = ContentView.swift; sourceTree = "<group>"; };
		6A4C8B4429D8B30F00BC1C01 /* Assets.xcassets */ = {isa = PBXFileReference; lastKnownFileType = folder.assetcatalog; path = Assets.xcassets; sourceTree = "<group>"; };
		6A4C8B4729D8B30F00BC1C01 /* Preview Assets.xcassets */ = {isa = PBXFileReference; lastKnownFileType = folder.assetcatalog; path = "Preview Assets.xcassets"; sourceTree = "<group>"; };
		6A4C8B4E29D8C12B00BC1C01 /* CircleImage.swift */ = {isa = PBXFileReference; lastKnownFileType = sourcecode.swift; path = CircleImage.swift; sourceTree = "<group>"; };
		6A4C8B5029D8C2DF00BC1C01 /* MapView.swift */ = {isa = PBXFileReference; lastKnownFileType = sourcecode.swift; path = MapView.swift; sourceTree = "<group>"; };
		6A4C8B5229D8E8AF00BC1C01 /* landmarkData.json */ = {isa = PBXFileReference; fileEncoding = 4; lastKnownFileType = text.json; path = landmarkData.json; sourceTree = "<group>"; };
		6A4C8B5429D8E8D400BC1C01 /* Landmark.swift */ = {isa = PBXFileReference; lastKnownFileType = sourcecode.swift; path = Landmark.swift; sourceTree = "<group>"; };
		6A4C8B5629D8EB3A00BC1C01 /* ModelData.swift */ = {isa = PBXFileReference; lastKnownFileType = sourcecode.swift; path = ModelData.swift; sourceTree = "<group>"; };
		6A4C8B5D29D8EEDC00BC1C01 /* LandmarkRow.swift */ = {isa = PBXFileReference; lastKnownFileType = sourcecode.swift; path = LandmarkRow.swift; sourceTree = "<group>"; };
		6A4C8B5F29D8F18000BC1C01 /* LandmarkList.swift */ = {isa = PBXFileReference; lastKnownFileType = sourcecode.swift; path = LandmarkList.swift; sourceTree = "<group>"; };
		6A4C8B6129D8F41200BC1C01 /* LandmarkDetails.swift */ = {isa = PBXFileReference; lastKnownFileType = sourcecode.swift; path = LandmarkDetails.swift; sourceTree = "<group>"; };
		6A4C8B6329D900C100BC1C01 /* FavoriteButton.swift */ = {isa = PBXFileReference; lastKnownFileType = sourcecode.swift; path = FavoriteButton.swift; sourceTree = "<group>"; };
/* End PBXFileReference section */

/* Begin PBXFrameworksBuildPhase section */
		6A4C8B3A29D8B30D00BC1C01 /* Frameworks */ = {
			isa = PBXFrameworksBuildPhase;
			buildActionMask = 2147483647;
			files = (
			);
			runOnlyForDeploymentPostprocessing = 0;
		};
/* End PBXFrameworksBuildPhase section */

/* Begin PBXGroup section */
		6A4C8B3429D8B30D00BC1C01 = {
			isa = PBXGroup;
			children = (
				6A4C8B3F29D8B30D00BC1C01 /* Landmarks */,
				6A4C8B3E29D8B30D00BC1C01 /* Products */,
			);
			sourceTree = "<group>";
		};
		6A4C8B3E29D8B30D00BC1C01 /* Products */ = {
			isa = PBXGroup;
			children = (
				6A4C8B3D29D8B30D00BC1C01 /* Landmarks.app */,
			);
			name = Products;
			sourceTree = "<group>";
		};
		6A4C8B3F29D8B30D00BC1C01 /* Landmarks */ = {
			isa = PBXGroup;
			children = (
				6A4C8B4029D8B30D00BC1C01 /* LandmarksApp.swift */,
				6A4C8B5A29D8ED6700BC1C01 /* Resources */,
				6A4C8B5929D8ED5D00BC1C01 /* Model */,
				6A4C8B5829D8ED5200BC1C01 /* Views */,
				6A4C8B4429D8B30F00BC1C01 /* Assets.xcassets */,
				6A4C8B4629D8B30F00BC1C01 /* Preview Content */,
			);
			path = Landmarks;
			sourceTree = "<group>";
		};
		6A4C8B4629D8B30F00BC1C01 /* Preview Content */ = {
			isa = PBXGroup;
			children = (
				6A4C8B4729D8B30F00BC1C01 /* Preview Assets.xcassets */,
			);
			path = "Preview Content";
			sourceTree = "<group>";
		};
		6A4C8B5829D8ED5200BC1C01 /* Views */ = {
			isa = PBXGroup;
			children = (
				6A4C8B6529D9018E00BC1C01 /* Utilies */,
				6A4C8B6629D993BF00BC1C01 /* Landmarks */,
				6A4C8B4229D8B30D00BC1C01 /* ContentView.swift */,
			);
			path = Views;
			sourceTree = "<group>";
		};
		6A4C8B5929D8ED5D00BC1C01 /* Model */ = {
			isa = PBXGroup;
			children = (
				6A4C8B5629D8EB3A00BC1C01 /* ModelData.swift */,
				6A4C8B5429D8E8D400BC1C01 /* Landmark.swift */,
			);
			path = Model;
			sourceTree = "<group>";
		};
		6A4C8B5A29D8ED6700BC1C01 /* Resources */ = {
			isa = PBXGroup;
			children = (
				6A4C8B5229D8E8AF00BC1C01 /* landmarkData.json */,
			);
			path = Resources;
			sourceTree = "<group>";
		};
		6A4C8B6529D9018E00BC1C01 /* Utilies */ = {
			isa = PBXGroup;
			children = (
				6A4C8B6329D900C100BC1C01 /* FavoriteButton.swift */,
				6A4C8B4E29D8C12B00BC1C01 /* CircleImage.swift */,
				6A4C8B5029D8C2DF00BC1C01 /* MapView.swift */,
			);
			path = Utilies;
			sourceTree = "<group>";
		};
		6A4C8B6629D993BF00BC1C01 /* Landmarks */ = {
			isa = PBXGroup;
			children = (
				6A4C8B5D29D8EEDC00BC1C01 /* LandmarkRow.swift */,
				6A4C8B5F29D8F18000BC1C01 /* LandmarkList.swift */,
				6A4C8B6129D8F41200BC1C01 /* LandmarkDetails.swift */,
			);
			path = Landmarks;
			sourceTree = "<group>";
		};
/* End PBXGroup section */

/* Begin PBXNativeTarget section */
		6A4C8B3C29D8B30D00BC1C01 /* Landmarks */ = {
			isa = PBXNativeTarget;
			buildConfigurationList = 6A4C8B4B29D8B30F00BC1C01 /* Build configuration list for PBXNativeTarget "Landmarks" */;
			buildPhases = (
				6A4C8B3929D8B30D00BC1C01 /* Sources */,
				6A4C8B3A29D8B30D00BC1C01 /* Frameworks */,
				6A4C8B3B29D8B30D00BC1C01 /* Resources */,
			);
			buildRules = (
			);
			dependencies = (
			);
			name = Landmarks;
			productName = Landmarks;
			productReference = 6A4C8B3D29D8B30D00BC1C01 /* Landmarks.app */;
			productType = "com.apple.product-type.application";
		};
/* End PBXNativeTarget section */

/* Begin PBXProject section */
		6A4C8B3529D8B30D00BC1C01 /* Project object */ = {
			isa = PBXProject;
			attributes = {
				BuildIndependentTargetsInParallel = 1;
				LastSwiftUpdateCheck = 1420;
				LastUpgradeCheck = 1420;
				TargetAttributes = {
					6A4C8B3C29D8B30D00BC1C01 = {
						CreatedOnToolsVersion = 14.2;
					};
				};
			};
			buildConfigurationList = 6A4C8B3829D8B30D00BC1C01 /* Build configuration list for PBXProject "Landmarks" */;
			compatibilityVersion = "Xcode 14.0";
			developmentRegion = en;
			hasScannedForEncodings = 0;
			knownRegions = (
				en,
				Base,
			);
			mainGroup = 6A4C8B3429D8B30D00BC1C01;
			productRefGroup = 6A4C8B3E29D8B30D00BC1C01 /* Products */;
			projectDirPath = "";
			projectRoot = "";
			targets = (
				6A4C8B3C29D8B30D00BC1C01 /* Landmarks */,
			);
		};
/* End PBXProject section */

/* Begin PBXResourcesBuildPhase section */
		6A4C8B3B29D8B30D00BC1C01 /* Resources */ = {
			isa = PBXResourcesBuildPhase;
			buildActionMask = 2147483647;
			files = (
				6A4C8B4829D8B30F00BC1C01 /* Preview Assets.xcassets in Resources */,
				6A4C8B4529D8B30F00BC1C01 /* Assets.xcassets in Resources */,
				6A4C8B5329D8E8AF00BC1C01 /* landmarkData.json in Resources */,
			);
			runOnlyForDeploymentPostprocessing = 0;
		};
/* End PBXResourcesBuildPhase section */

/* Begin PBXSourcesBuildPhase section */
		6A4C8B3929D8B30D00BC1C01 /* Sources */ = {
			isa = PBXSourcesBuildPhase;
			buildActionMask = 2147483647;
			files = (
				6A4C8B4329D8B30D00BC1C01 /* ContentView.swift in Sources */,
				6A4C8B5129D8C2DF00BC1C01 /* MapView.swift in Sources */,
				6A4C8B4129D8B30D00BC1C01 /* LandmarksApp.swift in Sources */,
				6A4C8B6429D900C100BC1C01 /* FavoriteButton.swift in Sources */,
				6A4C8B6029D8F18000BC1C01 /* LandmarkList.swift in Sources */,
				6A4C8B4F29D8C12B00BC1C01 /* CircleImage.swift in Sources */,
				6A4C8B5529D8E8D400BC1C01 /* Landmark.swift in Sources */,
				6A4C8B5E29D8EEDC00BC1C01 /* LandmarkRow.swift in Sources */,
				6A4C8B5729D8EB3A00BC1C01 /* ModelData.swift in Sources */,
				6A4C8B6229D8F41200BC1C01 /* LandmarkDetails.swift in Sources */,
			);
			runOnlyForDeploymentPostprocessing = 0;
		};
/* End PBXSourcesBuildPhase section */

/* Begin XCBuildConfiguration section */
		6A4C8B4929D8B30F00BC1C01 /* Debug */ = {
			isa = XCBuildConfiguration;
			buildSettings = {
				ALWAYS_SEARCH_USER_PATHS = NO;
				CLANG_ANALYZER_NONNULL = YES;
				CLANG_ANALYZER_NUMBER_OBJECT_CONVERSION = YES_AGGRESSIVE;
				CLANG_CXX_LANGUAGE_STANDARD = "gnu++20";
				CLANG_ENABLE_MODULES = YES;
				CLANG_ENABLE_OBJC_ARC = YES;
				CLANG_ENABLE_OBJC_WEAK = YES;
				CLANG_WARN_BLOCK_CAPTURE_AUTORELEASING = YES;
				CLANG_WARN_BOOL_CONVERSION = YES;
				CLANG_WARN_COMMA = YES;
				CLANG_WARN_CONSTANT_CONVERSION = YES;
				CLANG_WARN_DEPRECATED_OBJC_IMPLEMENTATIONS = YES;
				CLANG_WARN_DIRECT_OBJC_ISA_USAGE = YES_ERROR;
				CLANG_WARN_DOCUMENTATION_COMMENTS = YES;
				CLANG_WARN_EMPTY_BODY = YES;
				CLANG_WARN_ENUM_CONVERSION = YES;
				CLANG_WARN_INFINITE_RECURSION = YES;
				CLANG_WARN_INT_CONVERSION = YES;
				CLANG_WARN_NON_LITERAL_NULL_CONVERSION = YES;
				CLANG_WARN_OBJC_IMPLICIT_RETAIN_SELF = YES;
				CLANG_WARN_OBJC_LITERAL_CONVERSION = YES;
				CLANG_WARN_OBJC_ROOT_CLASS = YES_ERROR;
				CLANG_WARN_QUOTED_INCLUDE_IN_FRAMEWORK_HEADER = YES;
				CLANG_WARN_RANGE_LOOP_ANALYSIS = YES;
				CLANG_WARN_STRICT_PROTOTYPES = YES;
				CLANG_WARN_SUSPICIOUS_MOVE = YES;
				CLANG_WARN_UNGUARDED_AVAILABILITY = YES_AGGRESSIVE;
				CLANG_WARN_UNREACHABLE_CODE = YES;
				CLANG_WARN__DUPLICATE_METHOD_MATCH = YES;
				COPY_PHASE_STRIP = NO;
				DEBUG_INFORMATION_FORMAT = dwarf;
				ENABLE_STRICT_OBJC_MSGSEND = YES;
				ENABLE_TESTABILITY = YES;
				GCC_C_LANGUAGE_STANDARD = gnu11;
				GCC_DYNAMIC_NO_PIC = NO;
				GCC_NO_COMMON_BLOCKS = YES;
				GCC_OPTIMIZATION_LEVEL = 0;
				GCC_PREPROCESSOR_DEFINITIONS = (
					"DEBUG=1",
					"$(inherited)",
				);
				GCC_WARN_64_TO_32_BIT_CONVERSION = YES;
				GCC_WARN_ABOUT_RETURN_TYPE = YES_ERROR;
				GCC_WARN_UNDECLARED_SELECTOR = YES;
				GCC_WARN_UNINITIALIZED_AUTOS = YES_AGGRESSIVE;
				GCC_WARN_UNUSED_FUNCTION = YES;
				GCC_WARN_UNUSED_VARIABLE = YES;
				IPHONEOS_DEPLOYMENT_TARGET = 16.2;
				MTL_ENABLE_DEBUG_INFO = INCLUDE_SOURCE;
				MTL_FAST_MATH = YES;
				ONLY_ACTIVE_ARCH = YES;
				SDKROOT = iphoneos;
				SWIFT_ACTIVE_COMPILATION_CONDITIONS = DEBUG;
				SWIFT_OPTIMIZATION_LEVEL = "-Onone";
			};
			name = Debug;
		};
		6A4C8B4A29D8B30F00BC1C01 /* Release */ = {
			isa = XCBuildConfiguration;
			buildSettings = {
				ALWAYS_SEARCH_USER_PATHS = NO;
				CLANG_ANALYZER_NONNULL = YES;
				CLANG_ANALYZER_NUMBER_OBJECT_CONVERSION = YES_AGGRESSIVE;
				CLANG_CXX_LANGUAGE_STANDARD = "gnu++20";
				CLANG_ENABLE_MODULES = YES;
				CLANG_ENABLE_OBJC_ARC = YES;
				CLANG_ENABLE_OBJC_WEAK = YES;
				CLANG_WARN_BLOCK_CAPTURE_AUTORELEASING = YES;
				CLANG_WARN_BOOL_CONVERSION = YES;
				CLANG_WARN_COMMA = YES;
				CLANG_WARN_CONSTANT_CONVERSION = YES;
				CLANG_WARN_DEPRECATED_OBJC_IMPLEMENTATIONS = YES;
				CLANG_WARN_DIRECT_OBJC_ISA_USAGE = YES_ERROR;
				CLANG_WARN_DOCUMENTATION_COMMENTS = YES;
				CLANG_WARN_EMPTY_BODY = YES;
				CLANG_WARN_ENUM_CONVERSION = YES;
				CLANG_WARN_INFINITE_RECURSION = YES;
				CLANG_WARN_INT_CONVERSION = YES;
				CLANG_WARN_NON_LITERAL_NULL_CONVERSION = YES;
				CLANG_WARN_OBJC_IMPLICIT_RETAIN_SELF = YES;
				CLANG_WARN_OBJC_LITERAL_CONVERSION = YES;
				CLANG_WARN_OBJC_ROOT_CLASS = YES_ERROR;
				CLANG_WARN_QUOTED_INCLUDE_IN_FRAMEWORK_HEADER = YES;
				CLANG_WARN_RANGE_LOOP_ANALYSIS = YES;
				CLANG_WARN_STRICT_PROTOTYPES = YES;
				CLANG_WARN_SUSPICIOUS_MOVE = YES;
				CLANG_WARN_UNGUARDED_AVAILABILITY = YES_AGGRESSIVE;
				CLANG_WARN_UNREACHABLE_CODE = YES;
				CLANG_WARN__DUPLICATE_METHOD_MATCH = YES;
				COPY_PHASE_STRIP = NO;
				DEBUG_INFORMATION_FORMAT = "dwarf-with-dsym";
				ENABLE_NS_ASSERTIONS = NO;
				ENABLE_STRICT_OBJC_MSGSEND = YES;
				GCC_C_LANGUAGE_STANDARD = gnu11;
				GCC_NO_COMMON_BLOCKS = YES;
				GCC_WARN_64_TO_32_BIT_CONVERSION = YES;
				GCC_WARN_ABOUT_RETURN_TYPE = YES_ERROR;
				GCC_WARN_UNDECLARED_SELECTOR = YES;
				GCC_WARN_UNINITIALIZED_AUTOS = YES_AGGRESSIVE;
				GCC_WARN_UNUSED_FUNCTION = YES;
				GCC_WARN_UNUSED_VARIABLE = YES;
				IPHONEOS_DEPLOYMENT_TARGET = 16.2;
				MTL_ENABLE_DEBUG_INFO = NO;
				MTL_FAST_MATH = YES;
				SDKROOT = iphoneos;
				SWIFT_COMPILATION_MODE = wholemodule;
				SWIFT_OPTIMIZATION_LEVEL = "-O";
				VALIDATE_PRODUCT = YES;
			};
			name = Release;
		};
		6A4C8B4C29D8B30F00BC1C01 /* Debug */ = {
			isa = XCBuildConfiguration;
			buildSettings = {
				ASSETCATALOG_COMPILER_APPICON_NAME = AppIcon;
				ASSETCATALOG_COMPILER_GLOBAL_ACCENT_COLOR_NAME = AccentColor;
				CODE_SIGN_STYLE = Automatic;
				CURRENT_PROJECT_VERSION = 1;
				DEVELOPMENT_ASSET_PATHS = "\"Landmarks/Preview Content\"";
				DEVELOPMENT_TEAM = JWRA7GW4D4;
				ENABLE_PREVIEWS = YES;
				GENERATE_INFOPLIST_FILE = YES;
				INFOPLIST_KEY_UIApplicationSceneManifest_Generation = YES;
				INFOPLIST_KEY_UIApplicationSupportsIndirectInputEvents = YES;
				INFOPLIST_KEY_UILaunchScreen_Generation = YES;
				INFOPLIST_KEY_UISupportedInterfaceOrientations_iPad = "UIInterfaceOrientationPortrait UIInterfaceOrientationPortraitUpsideDown UIInterfaceOrientationLandscapeLeft UIInterfaceOrientationLandscapeRight";
				INFOPLIST_KEY_UISupportedInterfaceOrientations_iPhone = "UIInterfaceOrientationPortrait UIInterfaceOrientationLandscapeLeft UIInterfaceOrientationLandscapeRight";
				IPHONEOS_DEPLOYMENT_TARGET = 15.0;
				LD_RUNPATH_SEARCH_PATHS = (
					"$(inherited)",
					"@executable_path/Frameworks",
				);
				MARKETING_VERSION = 1.0;
				PRODUCT_BUNDLE_IDENTIFIER = tomijumppanen.Landmarks;
				PRODUCT_NAME = "$(TARGET_NAME)";
				SWIFT_EMIT_LOC_STRINGS = YES;
				SWIFT_VERSION = 5.0;
				TARGETED_DEVICE_FAMILY = "1,2";
			};
			name = Debug;
		};
		6A4C8B4D29D8B30F00BC1C01 /* Release */ = {
			isa = XCBuildConfiguration;
			buildSettings = {
				ASSETCATALOG_COMPILER_APPICON_NAME = AppIcon;
				ASSETCATALOG_COMPILER_GLOBAL_ACCENT_COLOR_NAME = AccentColor;
				CODE_SIGN_STYLE = Automatic;
				CURRENT_PROJECT_VERSION = 1;
				DEVELOPMENT_ASSET_PATHS = "\"Landmarks/Preview Content\"";
				DEVELOPMENT_TEAM = JWRA7GW4D4;
				ENABLE_PREVIEWS = YES;
				GENERATE_INFOPLIST_FILE = YES;
				INFOPLIST_KEY_UIApplicationSceneManifest_Generation = YES;
				INFOPLIST_KEY_UIApplicationSupportsIndirectInputEvents = YES;
				INFOPLIST_KEY_UILaunchScreen_Generation = YES;
				INFOPLIST_KEY_UISupportedInterfaceOrientations_iPad = "UIInterfaceOrientationPortrait UIInterfaceOrientationPortraitUpsideDown UIInterfaceOrientationLandscapeLeft UIInterfaceOrientationLandscapeRight";
				INFOPLIST_KEY_UISupportedInterfaceOrientations_iPhone = "UIInterfaceOrientationPortrait UIInterfaceOrientationLandscapeLeft UIInterfaceOrientationLandscapeRight";
				IPHONEOS_DEPLOYMENT_TARGET = 15.0;
				LD_RUNPATH_SEARCH_PATHS = (
					"$(inherited)",
					"@executable_path/Frameworks",
				);
				MARKETING_VERSION = 1.0;
				PRODUCT_BUNDLE_IDENTIFIER = tomijumppanen.Landmarks;
				PRODUCT_NAME = "$(TARGET_NAME)";
				SWIFT_EMIT_LOC_STRINGS = YES;
				SWIFT_VERSION = 5.0;
				TARGETED_DEVICE_FAMILY = "1,2";
			};
			name = Release;
		};
/* End XCBuildConfiguration section */

/* Begin XCConfigurationList section */
		6A4C8B3829D8B30D00BC1C01 /* Build configuration list for PBXProject "Landmarks" */ = {
			isa = XCConfigurationList;
			buildConfigurations = (
				6A4C8B4929D8B30F00BC1C01 /* Debug */,
				6A4C8B4A29D8B30F00BC1C01 /* Release */,
			);
			defaultConfigurationIsVisible = 0;
			defaultConfigurationName = Release;
		};
		6A4C8B4B29D8B30F00BC1C01 /* Build configuration list for PBXNativeTarget "Landmarks" */ = {
			isa = XCConfigurationList;
			buildConfigurations = (
				6A4C8B4C29D8B30F00BC1C01 /* Debug */,
				6A4C8B4D29D8B30F00BC1C01 /* Release */,
			);
			defaultConfigurationIsVisible = 0;
			defaultConfigurationName = Release;
		};
/* End XCConfigurationList section */
	};
	rootObject = 6A4C8B3529D8B30D00BC1C01 /* Project object */;
}
